# THIS IS AN AUTOGENERATED FILE. DO NOT EDIT THIS FILE DIRECTLY.
# yarn lockfile v1


serverless-cloudformation-sub-variables@^0.2.1:
  version "0.2.1"
  resolved "https://registry.yarnpkg.com/serverless-cloudformation-sub-variables/-/serverless-cloudformation-sub-variables-0.2.1.tgz#19c188600938b9db4eba9d1e28c28c9f69c5de35"
  integrity sha512-ClknmsdUx+aUakbNo0aP4L0SwwM+Bd/HtjOdgJVDqWuNQlQsDr4ajX/nM5nABseFsIQhzyoSq5F6xgnajloWuQ==
